
Microsoft Visual Studio Solution File, Format Version 12.00
# Visual Studio Version 16
VisualStudioVersion = 16.0.31702.278
MinimumVisualStudioVersion = 10.0.40219.1
Project("{8BC9CEB8-8B4A-11D0-8D11-00A0C91BC942}") = "modul2", "modul2\modul2.vcxproj", "{9C530BFE-D28F-4FE9-9E2B-1CFCDE299317}"
EndProject
Global
	GlobalSection(SolutionConfigurationPlatforms) = preSolution
		Debug|x64 = Debug|x64
		Debug|x86 = Debug|x86
		Release|x64 = Release|x64
		Release|x86 = Release|x86
	EndGlobalSection
	GlobalSection(ProjectConfigurationPlatforms) = postSolution
		{9C530BFE-D28F-4FE9-9E2B-1CFCDE299317}.Debug|x64.ActiveCfg = Debug|x64
		{9C530BFE-D28F-4FE9-9E2B-1CFCDE299317}.Debug|x64.Build.0 = Debug|x64
		{9C530BFE-D28F-4FE9-9E2B-1CFCDE299317}.Debug|x86.ActiveCfg = Debug|Win32
		{9C530BFE-D28F-4FE9-9E2B-1CFCDE299317}.Debug|x86.Build.0 = Debug|Win32
		{9C530BFE-D28F-4FE9-9E2B-1CFCDE299317}.Release|x64.ActiveCfg = Release|x64
		{9C530BFE-D28F-4FE9-9E2B-1CFCDE299317}.Release|x64.Build.0 = Release|x64
		{9C530BFE-D28F-4FE9-9E2B-1CFCDE299317}.Release|x86.ActiveCfg = Release|Win32
		{9C530BFE-D28F-4FE9-9E2B-1CFCDE299317}.Release|x86.Build.0 = Release|Win32
	EndGlobalSection
	GlobalSection(SolutionProperties) = preSolution
		HideSolutionNode = FALSE
	EndGlobalSection
	GlobalSection(ExtensibilityGlobals) = postSolution
		SolutionGuid = {51FB94A6-45C5-44E2-9840-24C5A3E5265A}
	EndGlobalSection
EndGlobal
