
Microsoft Visual Studio Solution File, Format Version 12.00
# Visual Studio Version 16
VisualStudioVersion = 16.0.31702.278
MinimumVisualStudioVersion = 10.0.40219.1
Project("{8BC9CEB8-8B4A-11D0-8D11-00A0C91BC942}") = "modul1", "modul1\modul1.vcxproj", "{4A89085B-60C8-4F3F-A213-D14859B03A8E}"
EndProject
Project("{8BC9CEB8-8B4A-11D0-8D11-00A0C91BC942}") = "menu", "menu\menu.vcxproj", "{3CE86BFC-8EAC-489F-A686-60E5E1819129}"
EndProject
Global
	GlobalSection(SolutionConfigurationPlatforms) = preSolution
		Debug|x64 = Debug|x64
		Debug|x86 = Debug|x86
		Release|x64 = Release|x64
		Release|x86 = Release|x86
	EndGlobalSection
	GlobalSection(ProjectConfigurationPlatforms) = postSolution
		{4A89085B-60C8-4F3F-A213-D14859B03A8E}.Debug|x64.ActiveCfg = Debug|x64
		{4A89085B-60C8-4F3F-A213-D14859B03A8E}.Debug|x64.Build.0 = Debug|x64
		{4A89085B-60C8-4F3F-A213-D14859B03A8E}.Debug|x86.ActiveCfg = Debug|Win32
		{4A89085B-60C8-4F3F-A213-D14859B03A8E}.Debug|x86.Build.0 = Debug|Win32
		{4A89085B-60C8-4F3F-A213-D14859B03A8E}.Release|x64.ActiveCfg = Release|x64
		{4A89085B-60C8-4F3F-A213-D14859B03A8E}.Release|x64.Build.0 = Release|x64
		{4A89085B-60C8-4F3F-A213-D14859B03A8E}.Release|x86.ActiveCfg = Release|Win32
		{4A89085B-60C8-4F3F-A213-D14859B03A8E}.Release|x86.Build.0 = Release|Win32
		{3CE86BFC-8EAC-489F-A686-60E5E1819129}.Debug|x64.ActiveCfg = Debug|x64
		{3CE86BFC-8EAC-489F-A686-60E5E1819129}.Debug|x64.Build.0 = Debug|x64
		{3CE86BFC-8EAC-489F-A686-60E5E1819129}.Debug|x86.ActiveCfg = Debug|Win32
		{3CE86BFC-8EAC-489F-A686-60E5E1819129}.Debug|x86.Build.0 = Debug|Win32
		{3CE86BFC-8EAC-489F-A686-60E5E1819129}.Release|x64.ActiveCfg = Release|x64
		{3CE86BFC-8EAC-489F-A686-60E5E1819129}.Release|x64.Build.0 = Release|x64
		{3CE86BFC-8EAC-489F-A686-60E5E1819129}.Release|x86.ActiveCfg = Release|Win32
		{3CE86BFC-8EAC-489F-A686-60E5E1819129}.Release|x86.Build.0 = Release|Win32
	EndGlobalSection
	GlobalSection(SolutionProperties) = preSolution
		HideSolutionNode = FALSE
	EndGlobalSection
	GlobalSection(ExtensibilityGlobals) = postSolution
		SolutionGuid = {5A2A3C41-56B9-4A2C-B842-01D985597BB1}
	EndGlobalSection
EndGlobal
